
Microsoft Visual Studio Solution File, Format Version 12.00
# Visual Studio 15
VisualStudioVersion = 15.0.28307.102
MinimumVisualStudioVersion = 10.0.40219.1
Project("{FAE04EC0-301F-11D3-BF4B-00C04F79EFBC}") = "AgeRange", "AgeRange\AgeRange.csproj", "{08038C30-EC2E-4771-A19E-70AA14C77EDF}"
EndProject
Global
	GlobalSection(SolutionConfigurationPlatforms) = preSolution
		Debug|Any CPU = Debug|Any CPU
		Release|Any CPU = Release|Any CPU
	EndGlobalSection
	GlobalSection(ProjectConfigurationPlatforms) = postSolution
		{08038C30-EC2E-4771-A19E-70AA14C77EDF}.Debug|Any CPU.ActiveCfg = Debug|Any CPU
		{08038C30-EC2E-4771-A19E-70AA14C77EDF}.Debug|Any CPU.Build.0 = Debug|Any CPU
		{08038C30-EC2E-4771-A19E-70AA14C77EDF}.Release|Any CPU.ActiveCfg = Release|Any CPU
		{08038C30-EC2E-4771-A19E-70AA14C77EDF}.Release|Any CPU.Build.0 = Release|Any CPU
	EndGlobalSection
	GlobalSection(SolutionProperties) = preSolution
		HideSolutionNode = FALSE
	EndGlobalSection
	GlobalSection(ExtensibilityGlobals) = postSolution
		SolutionGuid = {A12198AA-8D32-4B75-B949-D59135B84481}
	EndGlobalSection
EndGlobal
