
Microsoft Visual Studio Solution File, Format Version 12.00
# Visual Studio Version 16
VisualStudioVersion = 16.0.29519.87
MinimumVisualStudioVersion = 10.0.40219.1
Project("{FAE04EC0-301F-11D3-BF4B-00C04F79EFBC}") = "FurnitureShop", "FurnitureShop\FurnitureShop.csproj", "{9B381E80-805B-4024-A416-5C223610FA45}"
EndProject
Project("{9A19103F-16F7-4668-BE54-9A1E7A4F7556}") = "FurnitureShopAdo.DataAccess", "FurnitureShopAdo.DataAccess\FurnitureShopAdo.DataAccess.csproj", "{DD807709-8B27-48AA-B3EF-1579026179AF}"
EndProject
Project("{FAE04EC0-301F-11D3-BF4B-00C04F79EFBC}") = "FurnitureShop.Core", "FurnitureShop.Core\FurnitureShop.Core.csproj", "{0E673018-175B-43B4-ACCB-8E5120312A0D}"
EndProject
Global
	GlobalSection(SolutionConfigurationPlatforms) = preSolution
		Debug|Any CPU = Debug|Any CPU
		Release|Any CPU = Release|Any CPU
	EndGlobalSection
	GlobalSection(ProjectConfigurationPlatforms) = postSolution
		{9B381E80-805B-4024-A416-5C223610FA45}.Debug|Any CPU.ActiveCfg = Debug|Any CPU
		{9B381E80-805B-4024-A416-5C223610FA45}.Debug|Any CPU.Build.0 = Debug|Any CPU
		{9B381E80-805B-4024-A416-5C223610FA45}.Release|Any CPU.ActiveCfg = Release|Any CPU
		{9B381E80-805B-4024-A416-5C223610FA45}.Release|Any CPU.Build.0 = Release|Any CPU
		{DD807709-8B27-48AA-B3EF-1579026179AF}.Debug|Any CPU.ActiveCfg = Debug|Any CPU
		{DD807709-8B27-48AA-B3EF-1579026179AF}.Debug|Any CPU.Build.0 = Debug|Any CPU
		{DD807709-8B27-48AA-B3EF-1579026179AF}.Release|Any CPU.ActiveCfg = Release|Any CPU
		{DD807709-8B27-48AA-B3EF-1579026179AF}.Release|Any CPU.Build.0 = Release|Any CPU
		{0E673018-175B-43B4-ACCB-8E5120312A0D}.Debug|Any CPU.ActiveCfg = Debug|Any CPU
		{0E673018-175B-43B4-ACCB-8E5120312A0D}.Debug|Any CPU.Build.0 = Debug|Any CPU
		{0E673018-175B-43B4-ACCB-8E5120312A0D}.Release|Any CPU.ActiveCfg = Release|Any CPU
		{0E673018-175B-43B4-ACCB-8E5120312A0D}.Release|Any CPU.Build.0 = Release|Any CPU
	EndGlobalSection
	GlobalSection(SolutionProperties) = preSolution
		HideSolutionNode = FALSE
	EndGlobalSection
	GlobalSection(ExtensibilityGlobals) = postSolution
		SolutionGuid = {266E3B61-AA58-49A7-9D93-FBCDD3AAA19F}
	EndGlobalSection
EndGlobal
