
Microsoft Visual Studio Solution File, Format Version 12.00
# Visual Studio 15
VisualStudioVersion = 15.0.28307.102
MinimumVisualStudioVersion = 10.0.40219.1
Project("{FAE04EC0-301F-11D3-BF4B-00C04F79EFBC}") = "WordGenerator", "WordGenerator\WordGenerator.csproj", "{6F18FAAE-C97C-4A55-8C31-9F27745969E2}"
EndProject
Project("{FAE04EC0-301F-11D3-BF4B-00C04F79EFBC}") = "WordSorting", "WordSorting\WordSorting.csproj", "{254FEF1C-594A-448B-951E-74AFEF64C0D9}"
EndProject
Global
	GlobalSection(SolutionConfigurationPlatforms) = preSolution
		Debug|Any CPU = Debug|Any CPU
		Release|Any CPU = Release|Any CPU
	EndGlobalSection
	GlobalSection(ProjectConfigurationPlatforms) = postSolution
		{6F18FAAE-C97C-4A55-8C31-9F27745969E2}.Debug|Any CPU.ActiveCfg = Debug|Any CPU
		{6F18FAAE-C97C-4A55-8C31-9F27745969E2}.Debug|Any CPU.Build.0 = Debug|Any CPU
		{6F18FAAE-C97C-4A55-8C31-9F27745969E2}.Release|Any CPU.ActiveCfg = Release|Any CPU
		{6F18FAAE-C97C-4A55-8C31-9F27745969E2}.Release|Any CPU.Build.0 = Release|Any CPU
		{254FEF1C-594A-448B-951E-74AFEF64C0D9}.Debug|Any CPU.ActiveCfg = Debug|Any CPU
		{254FEF1C-594A-448B-951E-74AFEF64C0D9}.Debug|Any CPU.Build.0 = Debug|Any CPU
		{254FEF1C-594A-448B-951E-74AFEF64C0D9}.Release|Any CPU.ActiveCfg = Release|Any CPU
		{254FEF1C-594A-448B-951E-74AFEF64C0D9}.Release|Any CPU.Build.0 = Release|Any CPU
	EndGlobalSection
	GlobalSection(SolutionProperties) = preSolution
		HideSolutionNode = FALSE
	EndGlobalSection
	GlobalSection(ExtensibilityGlobals) = postSolution
		SolutionGuid = {65011AD1-24E6-40B2-8C0E-8EA76E24CC80}
	EndGlobalSection
EndGlobal
