
Microsoft Visual Studio Solution File, Format Version 12.00
# Visual Studio 15
VisualStudioVersion = 15.0.28307.102
MinimumVisualStudioVersion = 10.0.40219.1
Project("{FAE04EC0-301F-11D3-BF4B-00C04F79EFBC}") = "StudentGroups", "StudentGroups\StudentGroups.csproj", "{BB61493C-CF7B-40F9-858A-98915E9D1178}"
EndProject
Global
	GlobalSection(SolutionConfigurationPlatforms) = preSolution
		Debug|Any CPU = Debug|Any CPU
		Release|Any CPU = Release|Any CPU
	EndGlobalSection
	GlobalSection(ProjectConfigurationPlatforms) = postSolution
		{BB61493C-CF7B-40F9-858A-98915E9D1178}.Debug|Any CPU.ActiveCfg = Debug|Any CPU
		{BB61493C-CF7B-40F9-858A-98915E9D1178}.Debug|Any CPU.Build.0 = Debug|Any CPU
		{BB61493C-CF7B-40F9-858A-98915E9D1178}.Release|Any CPU.ActiveCfg = Release|Any CPU
		{BB61493C-CF7B-40F9-858A-98915E9D1178}.Release|Any CPU.Build.0 = Release|Any CPU
	EndGlobalSection
	GlobalSection(SolutionProperties) = preSolution
		HideSolutionNode = FALSE
	EndGlobalSection
	GlobalSection(ExtensibilityGlobals) = postSolution
		SolutionGuid = {723EC2A4-F60E-444C-B7DD-5968A914EE13}
	EndGlobalSection
EndGlobal
