
Microsoft Visual Studio Solution File, Format Version 12.00
# Visual Studio 15
VisualStudioVersion = 15.0.28307.102
MinimumVisualStudioVersion = 10.0.40219.1
Project("{FAE04EC0-301F-11D3-BF4B-00C04F79EFBC}") = "LambdaExpressions", "LambdaExpressions\LambdaExpressions.csproj", "{ED1ADC1E-BC32-4ADE-B863-9886B1E2B376}"
EndProject
Global
	GlobalSection(SolutionConfigurationPlatforms) = preSolution
		Debug|Any CPU = Debug|Any CPU
		Release|Any CPU = Release|Any CPU
	EndGlobalSection
	GlobalSection(ProjectConfigurationPlatforms) = postSolution
		{ED1ADC1E-BC32-4ADE-B863-9886B1E2B376}.Debug|Any CPU.ActiveCfg = Debug|Any CPU
		{ED1ADC1E-BC32-4ADE-B863-9886B1E2B376}.Debug|Any CPU.Build.0 = Debug|Any CPU
		{ED1ADC1E-BC32-4ADE-B863-9886B1E2B376}.Release|Any CPU.ActiveCfg = Release|Any CPU
		{ED1ADC1E-BC32-4ADE-B863-9886B1E2B376}.Release|Any CPU.Build.0 = Release|Any CPU
	EndGlobalSection
	GlobalSection(SolutionProperties) = preSolution
		HideSolutionNode = FALSE
	EndGlobalSection
	GlobalSection(ExtensibilityGlobals) = postSolution
		SolutionGuid = {C606D47F-7CC3-4882-98FE-3DE423CCA86F}
	EndGlobalSection
EndGlobal
