
Microsoft Visual Studio Solution File, Format Version 12.00
# Visual Studio 15
VisualStudioVersion = 15.0.28307.102
MinimumVisualStudioVersion = 10.0.40219.1
Project("{FAE04EC0-301F-11D3-BF4B-00C04F79EFBC}") = "LongestString", "LongestString\LongestString.csproj", "{A750A749-22E1-4816-9B99-FDBEB797EC2A}"
EndProject
Global
	GlobalSection(SolutionConfigurationPlatforms) = preSolution
		Debug|Any CPU = Debug|Any CPU
		Release|Any CPU = Release|Any CPU
	EndGlobalSection
	GlobalSection(ProjectConfigurationPlatforms) = postSolution
		{A750A749-22E1-4816-9B99-FDBEB797EC2A}.Debug|Any CPU.ActiveCfg = Debug|Any CPU
		{A750A749-22E1-4816-9B99-FDBEB797EC2A}.Debug|Any CPU.Build.0 = Debug|Any CPU
		{A750A749-22E1-4816-9B99-FDBEB797EC2A}.Release|Any CPU.ActiveCfg = Release|Any CPU
		{A750A749-22E1-4816-9B99-FDBEB797EC2A}.Release|Any CPU.Build.0 = Release|Any CPU
	EndGlobalSection
	GlobalSection(SolutionProperties) = preSolution
		HideSolutionNode = FALSE
	EndGlobalSection
	GlobalSection(ExtensibilityGlobals) = postSolution
		SolutionGuid = {0F077F22-6A83-49AF-A870-3FEC466DA126}
	EndGlobalSection
EndGlobal
