
Microsoft Visual Studio Solution File, Format Version 12.00
# Visual Studio 15
VisualStudioVersion = 15.0.28307.102
MinimumVisualStudioVersion = 10.0.40219.1
Project("{FAE04EC0-301F-11D3-BF4B-00C04F79EFBC}") = "Isola", "Isola\Isola.csproj", "{9BA2EB36-1887-4EBA-A0E0-35E64F230F59}"
EndProject
Global
	GlobalSection(SolutionConfigurationPlatforms) = preSolution
		Debug|Any CPU = Debug|Any CPU
		Release|Any CPU = Release|Any CPU
	EndGlobalSection
	GlobalSection(ProjectConfigurationPlatforms) = postSolution
		{9BA2EB36-1887-4EBA-A0E0-35E64F230F59}.Debug|Any CPU.ActiveCfg = Debug|Any CPU
		{9BA2EB36-1887-4EBA-A0E0-35E64F230F59}.Debug|Any CPU.Build.0 = Debug|Any CPU
		{9BA2EB36-1887-4EBA-A0E0-35E64F230F59}.Release|Any CPU.ActiveCfg = Release|Any CPU
		{9BA2EB36-1887-4EBA-A0E0-35E64F230F59}.Release|Any CPU.Build.0 = Release|Any CPU
	EndGlobalSection
	GlobalSection(SolutionProperties) = preSolution
		HideSolutionNode = FALSE
	EndGlobalSection
	GlobalSection(ExtensibilityGlobals) = postSolution
		SolutionGuid = {AAE79B8A-5569-4FA6-AE6E-4FDF6D738C29}
	EndGlobalSection
EndGlobal
