
Microsoft Visual Studio Solution File, Format Version 12.00
# Visual Studio 15
VisualStudioVersion = 15.0.28307.102
MinimumVisualStudioVersion = 10.0.40219.1
Project("{FAE04EC0-301F-11D3-BF4B-00C04F79EFBC}") = "WildFarm", "WildFarm\WildFarm.csproj", "{67DF7379-7FE9-40C5-BB5F-9D62C909D1D2}"
EndProject
Global
	GlobalSection(SolutionConfigurationPlatforms) = preSolution
		Debug|Any CPU = Debug|Any CPU
		Release|Any CPU = Release|Any CPU
	EndGlobalSection
	GlobalSection(ProjectConfigurationPlatforms) = postSolution
		{67DF7379-7FE9-40C5-BB5F-9D62C909D1D2}.Debug|Any CPU.ActiveCfg = Debug|Any CPU
		{67DF7379-7FE9-40C5-BB5F-9D62C909D1D2}.Debug|Any CPU.Build.0 = Debug|Any CPU
		{67DF7379-7FE9-40C5-BB5F-9D62C909D1D2}.Release|Any CPU.ActiveCfg = Release|Any CPU
		{67DF7379-7FE9-40C5-BB5F-9D62C909D1D2}.Release|Any CPU.Build.0 = Release|Any CPU
	EndGlobalSection
	GlobalSection(SolutionProperties) = preSolution
		HideSolutionNode = FALSE
	EndGlobalSection
	GlobalSection(ExtensibilityGlobals) = postSolution
		SolutionGuid = {CC707EBB-1E95-4D81-AD20-C138E3BEE1BA}
	EndGlobalSection
EndGlobal
